
Microsoft Visual Studio Solution File, Format Version 12.00
# Visual Studio Version 16
VisualStudioVersion = 16.0.810.20
MinimumVisualStudioVersion = 10.0.40219.1
Project("{FAE04EC0-301F-11D3-BF4B-00C04F79EFBC}") = "mvc_andela_workshop_1", "mvc_andela_workshop_1.csproj", "{DA0AD0C2-0F7B-43CC-BCCB-87AEC9F64FF5}"
EndProject
Global
	GlobalSection(SolutionConfigurationPlatforms) = preSolution
		Debug|Any CPU = Debug|Any CPU
		Release|Any CPU = Release|Any CPU
	EndGlobalSection
	GlobalSection(ProjectConfigurationPlatforms) = postSolution
		{DA0AD0C2-0F7B-43CC-BCCB-87AEC9F64FF5}.Debug|Any CPU.ActiveCfg = Debug|Any CPU
		{DA0AD0C2-0F7B-43CC-BCCB-87AEC9F64FF5}.Debug|Any CPU.Build.0 = Debug|Any CPU
		{DA0AD0C2-0F7B-43CC-BCCB-87AEC9F64FF5}.Release|Any CPU.ActiveCfg = Release|Any CPU
		{DA0AD0C2-0F7B-43CC-BCCB-87AEC9F64FF5}.Release|Any CPU.Build.0 = Release|Any CPU
	EndGlobalSection
	GlobalSection(SolutionProperties) = preSolution
		HideSolutionNode = FALSE
	EndGlobalSection
	GlobalSection(ExtensibilityGlobals) = postSolution
		SolutionGuid = {84C57A06-D840-4A9C-B12D-31F4EC66D3B6}
	EndGlobalSection
EndGlobal
